// !$*UTF8*$!
{
	archiveVersion = 1;
	classes = {
	};
	objectVersion = 51;
	objects = {

/* Begin PBXBuildFile section */
		5D87C9F124ADBBEB00B4B620 /* Api.swift in Sources */ = {isa = PBXBuildFile; fileRef = 5D87C8B324ADBBEB00B4B620 /* Api.swift */; };
		5D87CA1E24ADBBEB00B4B620 /* Networking.swift in Sources */ = {isa = PBXBuildFile; fileRef = 5D87C8E224ADBBEB00B4B620 /* Networking.swift */; };
		5D87CA1F24ADBBEB00B4B620 /* RestApi.swift in Sources */ = {isa = PBXBuildFile; fileRef = 5D87C8E324ADBBEB00B4B620 /* RestApi.swift */; };
		5D87CA2024ADBBEB00B4B620 /* ErrorResponse.swift in Sources */ = {isa = PBXBuildFile; fileRef = 5D87C8E424ADBBEB00B4B620 /* ErrorResponse.swift */; };
		5D87CA2224ADBBEB00B4B620 /* Localizable.strings in Resources */ = {isa = PBXBuildFile; fileRef = 5D87C8E724ADBBEB00B4B620 /* Localizable.strings */; };
		5D87CA2324ADBBEB00B4B620 /* Assets.xcassets in Resources */ = {isa = PBXBuildFile; fileRef = 5D87C8EB24ADBBEB00B4B620 /* Assets.xcassets */; };
		5D87CA2424ADBBEB00B4B620 /* Icons.xcassets in Resources */ = {isa = PBXBuildFile; fileRef = 5D87C8EC24ADBBEB00B4B620 /* Icons.xcassets */; };
		5D87CA2924ADBBEB00B4B620 /* LibsManager.swift in Sources */ = {isa = PBXBuildFile; fileRef = 5D87C8F624ADBBEB00B4B620 /* LibsManager.swift */; };
		5D87CA2A24ADBBEB00B4B620 /* ThemeManager.swift in Sources */ = {isa = PBXBuildFile; fileRef = 5D87C8F724ADBBEB00B4B620 /* ThemeManager.swift */; };
		5D87CA2B24ADBBEB00B4B620 /* Reachability.swift in Sources */ = {isa = PBXBuildFile; fileRef = 5D87C8F824ADBBEB00B4B620 /* Reachability.swift */; };
		5D87CA2C24ADBBEB00B4B620 /* AuthManager.swift in Sources */ = {isa = PBXBuildFile; fileRef = 5D87C8F924ADBBEB00B4B620 /* AuthManager.swift */; };
		5D87CA2D24ADBBEB00B4B620 /* LogManager.swift in Sources */ = {isa = PBXBuildFile; fileRef = 5D87C8FA24ADBBEB00B4B620 /* LogManager.swift */; };
		5D87CA2E24ADBBEB00B4B620 /* ContactsManager.swift in Sources */ = {isa = PBXBuildFile; fileRef = 5D87C8FB24ADBBEB00B4B620 /* ContactsManager.swift */; };
		5D87CA3124ADBBEB00B4B620 /* Language.swift in Sources */ = {isa = PBXBuildFile; fileRef = 5D87C8FF24ADBBEB00B4B620 /* Language.swift */; };
		5D87CA3624ADBBEB00B4B620 /* ISO8601DateTransform.swift in Sources */ = {isa = PBXBuildFile; fileRef = 5D87C90424ADBBEB00B4B620 /* ISO8601DateTransform.swift */; };
		5D87CA3824ADBBEB00B4B620 /* State.swift in Sources */ = {isa = PBXBuildFile; fileRef = 5D87C90624ADBBEB00B4B620 /* State.swift */; };
		5D87CA3924ADBBEB00B4B620 /* User.swift in Sources */ = {isa = PBXBuildFile; fileRef = 5D87C90724ADBBEB00B4B620 /* User.swift */; };
		5D87CA3E24ADBBEB00B4B620 /* Notification.swift in Sources */ = {isa = PBXBuildFile; fileRef = 5D87C90C24ADBBEB00B4B620 /* Notification.swift */; };
		5D87CA4224ADBBEB00B4B620 /* Token.swift in Sources */ = {isa = PBXBuildFile; fileRef = 5D87C91024ADBBEB00B4B620 /* Token.swift */; };
		5D87CA4424ADBBEB00B4B620 /* UIImage+SwiftHub.swift in Sources */ = {isa = PBXBuildFile; fileRef = 5D87C91424ADBBEB00B4B620 /* UIImage+SwiftHub.swift */; };
		5D87CA4524ADBBEB00B4B620 /* UIColor+SwiftHub.swift in Sources */ = {isa = PBXBuildFile; fileRef = 5D87C91624ADBBEB00B4B620 /* UIColor+SwiftHub.swift */; };
		5D87CA4624ADBBEB00B4B620 /* UIView+Borders.swift in Sources */ = {isa = PBXBuildFile; fileRef = 5D87C91824ADBBEB00B4B620 /* UIView+Borders.swift */; };
		5D87CA4724ADBBEB00B4B620 /* UIView+SwiftHub.swift in Sources */ = {isa = PBXBuildFile; fileRef = 5D87C91924ADBBEB00B4B620 /* UIView+SwiftHub.swift */; };
		5D87CA4824ADBBEB00B4B620 /* KafkaRefresh+Rx.swift in Sources */ = {isa = PBXBuildFile; fileRef = 5D87C91B24ADBBEB00B4B620 /* KafkaRefresh+Rx.swift */; };
		5D87CA4924ADBBEB00B4B620 /* Kingfisher+Rx.swift in Sources */ = {isa = PBXBuildFile; fileRef = 5D87C91C24ADBBEB00B4B620 /* Kingfisher+Rx.swift */; };
		5D87CA4A24ADBBEB00B4B620 /* Observable+Logging.swift in Sources */ = {isa = PBXBuildFile; fileRef = 5D87C91D24ADBBEB00B4B620 /* Observable+Logging.swift */; };
		5D87CA4B24ADBBEB00B4B620 /* Observable+Operators.swift in Sources */ = {isa = PBXBuildFile; fileRef = 5D87C91E24ADBBEB00B4B620 /* Observable+Operators.swift */; };
		5D87CA4C24ADBBEB00B4B620 /* UIFont+SwiftHub.swift in Sources */ = {isa = PBXBuildFile; fileRef = 5D87C92024ADBBEB00B4B620 /* UIFont+SwiftHub.swift */; };
		5D87CA4D24ADBBEB00B4B620 /* Foundation+SwiftHub.swift in Sources */ = {isa = PBXBuildFile; fileRef = 5D87C92224ADBBEB00B4B620 /* Foundation+SwiftHub.swift */; };
		5D87CA4E24ADBBEB00B4B620 /* Toolbar.swift in Sources */ = {isa = PBXBuildFile; fileRef = 5D87C92424ADBBEB00B4B620 /* Toolbar.swift */; };
		5D87CA5024ADBBEB00B4B620 /* Label.swift in Sources */ = {isa = PBXBuildFile; fileRef = 5D87C92624ADBBEB00B4B620 /* Label.swift */; };
		5D87CA5124ADBBEB00B4B620 /* ViewController.swift in Sources */ = {isa = PBXBuildFile; fileRef = 5D87C92724ADBBEB00B4B620 /* ViewController.swift */; };
		5D87CA5224ADBBEB00B4B620 /* View.swift in Sources */ = {isa = PBXBuildFile; fileRef = 5D87C92824ADBBEB00B4B620 /* View.swift */; };
		5D87CA5324ADBBEB00B4B620 /* PickerView.swift in Sources */ = {isa = PBXBuildFile; fileRef = 5D87C92924ADBBEB00B4B620 /* PickerView.swift */; };
		5D87CA5424ADBBEB00B4B620 /* CollectionView.swift in Sources */ = {isa = PBXBuildFile; fileRef = 5D87C92A24ADBBEB00B4B620 /* CollectionView.swift */; };
		5D87CA5524ADBBEB00B4B620 /* StackView.swift in Sources */ = {isa = PBXBuildFile; fileRef = 5D87C92B24ADBBEB00B4B620 /* StackView.swift */; };
		5D87CA5624ADBBEB00B4B620 /* SplitViewController.swift in Sources */ = {isa = PBXBuildFile; fileRef = 5D87C92C24ADBBEB00B4B620 /* SplitViewController.swift */; };
		5D87CA5724ADBBEB00B4B620 /* SegmentedControl.swift in Sources */ = {isa = PBXBuildFile; fileRef = 5D87C92D24ADBBEB00B4B620 /* SegmentedControl.swift */; };
		5D87CA5824ADBBEB00B4B620 /* SlideImageView.swift in Sources */ = {isa = PBXBuildFile; fileRef = 5D87C92E24ADBBEB00B4B620 /* SlideImageView.swift */; };
		5D87CA5924ADBBEB00B4B620 /* CollectionViewCell.swift in Sources */ = {isa = PBXBuildFile; fileRef = 5D87C92F24ADBBEB00B4B620 /* CollectionViewCell.swift */; };
		5D87CA5A24ADBBEB00B4B620 /* SearchBar.swift in Sources */ = {isa = PBXBuildFile; fileRef = 5D87C93024ADBBEB00B4B620 /* SearchBar.swift */; };
		5D87CA5B24ADBBEB00B4B620 /* ScrollView.swift in Sources */ = {isa = PBXBuildFile; fileRef = 5D87C93124ADBBEB00B4B620 /* ScrollView.swift */; };
		5D87CA5C24ADBBEB00B4B620 /* TableViewController.swift in Sources */ = {isa = PBXBuildFile; fileRef = 5D87C93224ADBBEB00B4B620 /* TableViewController.swift */; };
		5D87CA5D24ADBBEB00B4B620 /* TableView.swift in Sources */ = {isa = PBXBuildFile; fileRef = 5D87C93324ADBBEB00B4B620 /* TableView.swift */; };
		5D87CA5E24ADBBEB00B4B620 /* Switch.swift in Sources */ = {isa = PBXBuildFile; fileRef = 5D87C93424ADBBEB00B4B620 /* Switch.swift */; };
		5D87CA5F24ADBBEB00B4B620 /* TextField.swift in Sources */ = {isa = PBXBuildFile; fileRef = 5D87C93524ADBBEB00B4B620 /* TextField.swift */; };
		5D87CA6024ADBBEB00B4B620 /* WebViewController.swift in Sources */ = {isa = PBXBuildFile; fileRef = 5D87C93624ADBBEB00B4B620 /* WebViewController.swift */; };
		5D87CA6124ADBBEB00B4B620 /* ViewModelType.swift in Sources */ = {isa = PBXBuildFile; fileRef = 5D87C93724ADBBEB00B4B620 /* ViewModelType.swift */; };
		5D87CA6224ADBBEB00B4B620 /* TableViewCell.swift in Sources */ = {isa = PBXBuildFile; fileRef = 5D87C93924ADBBEB00B4B620 /* TableViewCell.swift */; };
		5D87CA6324ADBBEB00B4B620 /* DefaultTableViewCellViewModel.swift in Sources */ = {isa = PBXBuildFile; fileRef = 5D87C93A24ADBBEB00B4B620 /* DefaultTableViewCellViewModel.swift */; };
		5D87CA6424ADBBEB00B4B620 /* TableViewCellViewModel.swift in Sources */ = {isa = PBXBuildFile; fileRef = 5D87C93B24ADBBEB00B4B620 /* TableViewCellViewModel.swift */; };
		5D87CA6524ADBBEB00B4B620 /* DefaultTableViewCell.swift in Sources */ = {isa = PBXBuildFile; fileRef = 5D87C93C24ADBBEB00B4B620 /* DefaultTableViewCell.swift */; };
		5D87CA6624ADBBEB00B4B620 /* BarButtonItem.swift in Sources */ = {isa = PBXBuildFile; fileRef = 5D87C93D24ADBBEB00B4B620 /* BarButtonItem.swift */; };
		5D87CA6724ADBBEB00B4B620 /* ImageView.swift in Sources */ = {isa = PBXBuildFile; fileRef = 5D87C93E24ADBBEB00B4B620 /* ImageView.swift */; };
		5D87CA6824ADBBEB00B4B620 /* Button.swift in Sources */ = {isa = PBXBuildFile; fileRef = 5D87C93F24ADBBEB00B4B620 /* Button.swift */; };
		5D87CA6924ADBBEB00B4B620 /* NavigationController.swift in Sources */ = {isa = PBXBuildFile; fileRef = 5D87C94024ADBBEB00B4B620 /* NavigationController.swift */; };
		5D87CA6A24ADBBEB00B4B620 /* CollectionViewController.swift in Sources */ = {isa = PBXBuildFile; fileRef = 5D87C94124ADBBEB00B4B620 /* CollectionViewController.swift */; };
		5D87CA6B24ADBBEB00B4B620 /* Configs.swift in Sources */ = {isa = PBXBuildFile; fileRef = 5D87C94324ADBBEB00B4B620 /* Configs.swift */; };
		5D87CA6C24ADBBEB00B4B620 /* AppDelegate.swift in Sources */ = {isa = PBXBuildFile; fileRef = 5D87C94524ADBBEB00B4B620 /* AppDelegate.swift */; };
		5D87CA6D24ADBBEB00B4B620 /* Application.swift in Sources */ = {isa = PBXBuildFile; fileRef = 5D87C94624ADBBEB00B4B620 /* Application.swift */; };
		5D87CA6E24ADBBEB00B4B620 /* Navigator.swift in Sources */ = {isa = PBXBuildFile; fileRef = 5D87C94724ADBBEB00B4B620 /* Navigator.swift */; };
		5D87CAD424ADBBEB00B4B620 /* HomeTabBarViewModel.swift in Sources */ = {isa = PBXBuildFile; fileRef = 5D87C9C324ADBBEB00B4B620 /* HomeTabBarViewModel.swift */; };
		5D87CAD524ADBBEB00B4B620 /* InitialSplitViewController.swift in Sources */ = {isa = PBXBuildFile; fileRef = 5D87C9C424ADBBEB00B4B620 /* InitialSplitViewController.swift */; };
		5D87CAD624ADBBEB00B4B620 /* LaunchScreen.storyboard in Resources */ = {isa = PBXBuildFile; fileRef = 5D87C9C524ADBBEB00B4B620 /* LaunchScreen.storyboard */; };
		5D87CAD724ADBBEB00B4B620 /* Main.storyboard in Resources */ = {isa = PBXBuildFile; fileRef = 5D87C9C724ADBBEB00B4B620 /* Main.storyboard */; };
		5D87CAD824ADBBEB00B4B620 /* HomeTabBarController.swift in Sources */ = {isa = PBXBuildFile; fileRef = 5D87C9C924ADBBEB00B4B620 /* HomeTabBarController.swift */; };
		5D87CAEF24ADBBEB00B4B620 /* ErrorTracker.swift in Sources */ = {isa = PBXBuildFile; fileRef = 5D87C9E624ADBBEB00B4B620 /* ErrorTracker.swift */; };
		5D87CAF024ADBBEB00B4B620 /* ActivityIndicator.swift in Sources */ = {isa = PBXBuildFile; fileRef = 5D87C9E824ADBBEB00B4B620 /* ActivityIndicator.swift */; };
		5D87CAF324ADC0B400B4B620 /* GlanceAPI.swift in Sources */ = {isa = PBXBuildFile; fileRef = 5D87CAF224ADC0B400B4B620 /* GlanceAPI.swift */; };
		5D87CAF824ADC54A00B4B620 /* DemoViewController.swift in Sources */ = {isa = PBXBuildFile; fileRef = 5D87CAF624ADC54A00B4B620 /* DemoViewController.swift */; };
		5D87CAF924ADC54A00B4B620 /* DemoViewController.xib in Resources */ = {isa = PBXBuildFile; fileRef = 5D87CAF724ADC54A00B4B620 /* DemoViewController.xib */; };
		5D87CAFB24ADC55800B4B620 /* DemoViewModel.swift in Sources */ = {isa = PBXBuildFile; fileRef = 5D87CAFA24ADC55800B4B620 /* DemoViewModel.swift */; };
		81AAD64A5D0DB083F1FAD2DB /* Pods_Glance.framework in Frameworks */ = {isa = PBXBuildFile; fileRef = 4AC9489FCC8CD869B5103156 /* Pods_Glance.framework */; };
/* End PBXBuildFile section */

/* Begin PBXFileReference section */
		18A3C50415CA36BEF18A833C /* Pods-Glance.debug.xcconfig */ = {isa = PBXFileReference; includeInIndex = 1; lastKnownFileType = text.xcconfig; name = "Pods-Glance.debug.xcconfig"; path = "Target Support Files/Pods-Glance/Pods-Glance.debug.xcconfig"; sourceTree = "<group>"; };
		4AC9489FCC8CD869B5103156 /* Pods_Glance.framework */ = {isa = PBXFileReference; explicitFileType = wrapper.framework; includeInIndex = 0; path = Pods_Glance.framework; sourceTree = BUILT_PRODUCTS_DIR; };
		5D87C8B324ADBBEB00B4B620 /* Api.swift */ = {isa = PBXFileReference; fileEncoding = 4; lastKnownFileType = sourcecode.swift; path = Api.swift; sourceTree = "<group>"; };
		5D87C8E224ADBBEB00B4B620 /* Networking.swift */ = {isa = PBXFileReference; fileEncoding = 4; lastKnownFileType = sourcecode.swift; path = Networking.swift; sourceTree = "<group>"; };
		5D87C8E324ADBBEB00B4B620 /* RestApi.swift */ = {isa = PBXFileReference; fileEncoding = 4; lastKnownFileType = sourcecode.swift; path = RestApi.swift; sourceTree = "<group>"; };
		5D87C8E424ADBBEB00B4B620 /* ErrorResponse.swift */ = {isa = PBXFileReference; fileEncoding = 4; lastKnownFileType = sourcecode.swift; path = ErrorResponse.swift; sourceTree = "<group>"; };
		5D87C8E824ADBBEB00B4B620 /* zh-Hans */ = {isa = PBXFileReference; lastKnownFileType = text.plist.strings; name = "zh-Hans"; path = "zh-Hans.lproj/Localizable.strings"; sourceTree = "<group>"; };
		5D87C8E924ADBBEB00B4B620 /* en */ = {isa = PBXFileReference; lastKnownFileType = text.plist.strings; name = en; path = en.lproj/Localizable.strings; sourceTree = "<group>"; };
		5D87C8EB24ADBBEB00B4B620 /* Assets.xcassets */ = {isa = PBXFileReference; lastKnownFileType = folder.assetcatalog; path = Assets.xcassets; sourceTree = "<group>"; };
		5D87C8EC24ADBBEB00B4B620 /* Icons.xcassets */ = {isa = PBXFileReference; lastKnownFileType = folder.assetcatalog; path = Icons.xcassets; sourceTree = "<group>"; };
		5D87C8F624ADBBEB00B4B620 /* LibsManager.swift */ = {isa = PBXFileReference; fileEncoding = 4; lastKnownFileType = sourcecode.swift; path = LibsManager.swift; sourceTree = "<group>"; };
		5D87C8F724ADBBEB00B4B620 /* ThemeManager.swift */ = {isa = PBXFileReference; fileEncoding = 4; lastKnownFileType = sourcecode.swift; path = ThemeManager.swift; sourceTree = "<group>"; };
		5D87C8F824ADBBEB00B4B620 /* Reachability.swift */ = {isa = PBXFileReference; fileEncoding = 4; lastKnownFileType = sourcecode.swift; path = Reachability.swift; sourceTree = "<group>"; };
		5D87C8F924ADBBEB00B4B620 /* AuthManager.swift */ = {isa = PBXFileReference; fileEncoding = 4; lastKnownFileType = sourcecode.swift; path = AuthManager.swift; sourceTree = "<group>"; };
		5D87C8FA24ADBBEB00B4B620 /* LogManager.swift */ = {isa = PBXFileReference; fileEncoding = 4; lastKnownFileType = sourcecode.swift; path = LogManager.swift; sourceTree = "<group>"; };
		5D87C8FB24ADBBEB00B4B620 /* ContactsManager.swift */ = {isa = PBXFileReference; fileEncoding = 4; lastKnownFileType = sourcecode.swift; path = ContactsManager.swift; sourceTree = "<group>"; };
		5D87C8FF24ADBBEB00B4B620 /* Language.swift */ = {isa = PBXFileReference; fileEncoding = 4; lastKnownFileType = sourcecode.swift; path = Language.swift; sourceTree = "<group>"; };
		5D87C90424ADBBEB00B4B620 /* ISO8601DateTransform.swift */ = {isa = PBXFileReference; fileEncoding = 4; lastKnownFileType = sourcecode.swift; path = ISO8601DateTransform.swift; sourceTree = "<group>"; };
		5D87C90624ADBBEB00B4B620 /* State.swift */ = {isa = PBXFileReference; fileEncoding = 4; lastKnownFileType = sourcecode.swift; path = State.swift; sourceTree = "<group>"; };
		5D87C90724ADBBEB00B4B620 /* User.swift */ = {isa = PBXFileReference; fileEncoding = 4; lastKnownFileType = sourcecode.swift; path = User.swift; sourceTree = "<group>"; };
		5D87C90C24ADBBEB00B4B620 /* Notification.swift */ = {isa = PBXFileReference; fileEncoding = 4; lastKnownFileType = sourcecode.swift; path = Notification.swift; sourceTree = "<group>"; };
		5D87C91024ADBBEB00B4B620 /* Token.swift */ = {isa = PBXFileReference; fileEncoding = 4; lastKnownFileType = sourcecode.swift; path = Token.swift; sourceTree = "<group>"; };
		5D87C91424ADBBEB00B4B620 /* UIImage+SwiftHub.swift */ = {isa = PBXFileReference; fileEncoding = 4; lastKnownFileType = sourcecode.swift; path = "UIImage+SwiftHub.swift"; sourceTree = "<group>"; };
		5D87C91624ADBBEB00B4B620 /* UIColor+SwiftHub.swift */ = {isa = PBXFileReference; fileEncoding = 4; lastKnownFileType = sourcecode.swift; path = "UIColor+SwiftHub.swift"; sourceTree = "<group>"; };
		5D87C91824ADBBEB00B4B620 /* UIView+Borders.swift */ = {isa = PBXFileReference; fileEncoding = 4; lastKnownFileType = sourcecode.swift; path = "UIView+Borders.swift"; sourceTree = "<group>"; };
		5D87C91924ADBBEB00B4B620 /* UIView+SwiftHub.swift */ = {isa = PBXFileReference; fileEncoding = 4; lastKnownFileType = sourcecode.swift; path = "UIView+SwiftHub.swift"; sourceTree = "<group>"; };
		5D87C91B24ADBBEB00B4B620 /* KafkaRefresh+Rx.swift */ = {isa = PBXFileReference; fileEncoding = 4; lastKnownFileType = sourcecode.swift; path = "KafkaRefresh+Rx.swift"; sourceTree = "<group>"; };
		5D87C91C24ADBBEB00B4B620 /* Kingfisher+Rx.swift */ = {isa = PBXFileReference; fileEncoding = 4; lastKnownFileType = sourcecode.swift; path = "Kingfisher+Rx.swift"; sourceTree = "<group>"; };
		5D87C91D24ADBBEB00B4B620 /* Observable+Logging.swift */ = {isa = PBXFileReference; fileEncoding = 4; lastKnownFileType = sourcecode.swift; path = "Observable+Logging.swift"; sourceTree = "<group>"; };
		5D87C91E24ADBBEB00B4B620 /* Observable+Operators.swift */ = {isa = PBXFileReference; fileEncoding = 4; lastKnownFileType = sourcecode.swift; path = "Observable+Operators.swift"; sourceTree = "<group>"; };
		5D87C92024ADBBEB00B4B620 /* UIFont+SwiftHub.swift */ = {isa = PBXFileReference; fileEncoding = 4; lastKnownFileType = sourcecode.swift; path = "UIFont+SwiftHub.swift"; sourceTree = "<group>"; };
		5D87C92224ADBBEB00B4B620 /* Foundation+SwiftHub.swift */ = {isa = PBXFileReference; fileEncoding = 4; lastKnownFileType = sourcecode.swift; path = "Foundation+SwiftHub.swift"; sourceTree = "<group>"; };
		5D87C92424ADBBEB00B4B620 /* Toolbar.swift */ = {isa = PBXFileReference; fileEncoding = 4; lastKnownFileType = sourcecode.swift; path = Toolbar.swift; sourceTree = "<group>"; };
		5D87C92624ADBBEB00B4B620 /* Label.swift */ = {isa = PBXFileReference; fileEncoding = 4; lastKnownFileType = sourcecode.swift; path = Label.swift; sourceTree = "<group>"; };
		5D87C92724ADBBEB00B4B620 /* ViewController.swift */ = {isa = PBXFileReference; fileEncoding = 4; lastKnownFileType = sourcecode.swift; path = ViewController.swift; sourceTree = "<group>"; };
		5D87C92824ADBBEB00B4B620 /* View.swift */ = {isa = PBXFileReference; fileEncoding = 4; lastKnownFileType = sourcecode.swift; path = View.swift; sourceTree = "<group>"; };
		5D87C92924ADBBEB00B4B620 /* PickerView.swift */ = {isa = PBXFileReference; fileEncoding = 4; lastKnownFileType = sourcecode.swift; path = PickerView.swift; sourceTree = "<group>"; };
		5D87C92A24ADBBEB00B4B620 /* CollectionView.swift */ = {isa = PBXFileReference; fileEncoding = 4; lastKnownFileType = sourcecode.swift; path = CollectionView.swift; sourceTree = "<group>"; };
		5D87C92B24ADBBEB00B4B620 /* StackView.swift */ = {isa = PBXFileReference; fileEncoding = 4; lastKnownFileType = sourcecode.swift; path = StackView.swift; sourceTree = "<group>"; };
		5D87C92C24ADBBEB00B4B620 /* SplitViewController.swift */ = {isa = PBXFileReference; fileEncoding = 4; lastKnownFileType = sourcecode.swift; path = SplitViewController.swift; sourceTree = "<group>"; };
		5D87C92D24ADBBEB00B4B620 /* SegmentedControl.swift */ = {isa = PBXFileReference; fileEncoding = 4; lastKnownFileType = sourcecode.swift; path = SegmentedControl.swift; sourceTree = "<group>"; };
		5D87C92E24ADBBEB00B4B620 /* SlideImageView.swift */ = {isa = PBXFileReference; fileEncoding = 4; lastKnownFileType = sourcecode.swift; path = SlideImageView.swift; sourceTree = "<group>"; };
		5D87C92F24ADBBEB00B4B620 /* CollectionViewCell.swift */ = {isa = PBXFileReference; fileEncoding = 4; lastKnownFileType = sourcecode.swift; path = CollectionViewCell.swift; sourceTree = "<group>"; };
		5D87C93024ADBBEB00B4B620 /* SearchBar.swift */ = {isa = PBXFileReference; fileEncoding = 4; lastKnownFileType = sourcecode.swift; path = SearchBar.swift; sourceTree = "<group>"; };
		5D87C93124ADBBEB00B4B620 /* ScrollView.swift */ = {isa = PBXFileReference; fileEncoding = 4; lastKnownFileType = sourcecode.swift; path = ScrollView.swift; sourceTree = "<group>"; };
		5D87C93224ADBBEB00B4B620 /* TableViewController.swift */ = {isa = PBXFileReference; fileEncoding = 4; lastKnownFileType = sourcecode.swift; path = TableViewController.swift; sourceTree = "<group>"; };
		5D87C93324ADBBEB00B4B620 /* TableView.swift */ = {isa = PBXFileReference; fileEncoding = 4; lastKnownFileType = sourcecode.swift; path = TableView.swift; sourceTree = "<group>"; };
		5D87C93424ADBBEB00B4B620 /* Switch.swift */ = {isa = PBXFileReference; fileEncoding = 4; lastKnownFileType = sourcecode.swift; path = Switch.swift; sourceTree = "<group>"; };
		5D87C93524ADBBEB00B4B620 /* TextField.swift */ = {isa = PBXFileReference; fileEncoding = 4; lastKnownFileType = sourcecode.swift; path = TextField.swift; sourceTree = "<group>"; };
		5D87C93624ADBBEB00B4B620 /* WebViewController.swift */ = {isa = PBXFileReference; fileEncoding = 4; lastKnownFileType = sourcecode.swift; path = WebViewController.swift; sourceTree = "<group>"; };
		5D87C93724ADBBEB00B4B620 /* ViewModelType.swift */ = {isa = PBXFileReference; fileEncoding = 4; lastKnownFileType = sourcecode.swift; path = ViewModelType.swift; sourceTree = "<group>"; };
		5D87C93924ADBBEB00B4B620 /* TableViewCell.swift */ = {isa = PBXFileReference; fileEncoding = 4; lastKnownFileType = sourcecode.swift; path = TableViewCell.swift; sourceTree = "<group>"; };
		5D87C93A24ADBBEB00B4B620 /* DefaultTableViewCellViewModel.swift */ = {isa = PBXFileReference; fileEncoding = 4; lastKnownFileType = sourcecode.swift; path = DefaultTableViewCellViewModel.swift; sourceTree = "<group>"; };
		5D87C93B24ADBBEB00B4B620 /* TableViewCellViewModel.swift */ = {isa = PBXFileReference; fileEncoding = 4; lastKnownFileType = sourcecode.swift; path = TableViewCellViewModel.swift; sourceTree = "<group>"; };
		5D87C93C24ADBBEB00B4B620 /* DefaultTableViewCell.swift */ = {isa = PBXFileReference; fileEncoding = 4; lastKnownFileType = sourcecode.swift; path = DefaultTableViewCell.swift; sourceTree = "<group>"; };
		5D87C93D24ADBBEB00B4B620 /* BarButtonItem.swift */ = {isa = PBXFileReference; fileEncoding = 4; lastKnownFileType = sourcecode.swift; path = BarButtonItem.swift; sourceTree = "<group>"; };
		5D87C93E24ADBBEB00B4B620 /* ImageView.swift */ = {isa = PBXFileReference; fileEncoding = 4; lastKnownFileType = sourcecode.swift; path = ImageView.swift; sourceTree = "<group>"; };
		5D87C93F24ADBBEB00B4B620 /* Button.swift */ = {isa = PBXFileReference; fileEncoding = 4; lastKnownFileType = sourcecode.swift; path = Button.swift; sourceTree = "<group>"; };
		5D87C94024ADBBEB00B4B620 /* NavigationController.swift */ = {isa = PBXFileReference; fileEncoding = 4; lastKnownFileType = sourcecode.swift; path = NavigationController.swift; sourceTree = "<group>"; };
		5D87C94124ADBBEB00B4B620 /* CollectionViewController.swift */ = {isa = PBXFileReference; fileEncoding = 4; lastKnownFileType = sourcecode.swift; path = CollectionViewController.swift; sourceTree = "<group>"; };
		5D87C94324ADBBEB00B4B620 /* Configs.swift */ = {isa = PBXFileReference; fileEncoding = 4; lastKnownFileType = sourcecode.swift; path = Configs.swift; sourceTree = "<group>"; };
		5D87C94524ADBBEB00B4B620 /* AppDelegate.swift */ = {isa = PBXFileReference; fileEncoding = 4; lastKnownFileType = sourcecode.swift; path = AppDelegate.swift; sourceTree = "<group>"; };
		5D87C94624ADBBEB00B4B620 /* Application.swift */ = {isa = PBXFileReference; fileEncoding = 4; lastKnownFileType = sourcecode.swift; path = Application.swift; sourceTree = "<group>"; };
		5D87C94724ADBBEB00B4B620 /* Navigator.swift */ = {isa = PBXFileReference; fileEncoding = 4; lastKnownFileType = sourcecode.swift; path = Navigator.swift; sourceTree = "<group>"; };
		5D87C9C324ADBBEB00B4B620 /* HomeTabBarViewModel.swift */ = {isa = PBXFileReference; fileEncoding = 4; lastKnownFileType = sourcecode.swift; path = HomeTabBarViewModel.swift; sourceTree = "<group>"; };
		5D87C9C424ADBBEB00B4B620 /* InitialSplitViewController.swift */ = {isa = PBXFileReference; fileEncoding = 4; lastKnownFileType = sourcecode.swift; path = InitialSplitViewController.swift; sourceTree = "<group>"; };
		5D87C9C624ADBBEB00B4B620 /* Base */ = {isa = PBXFileReference; lastKnownFileType = file.storyboard; name = Base; path = Base.lproj/LaunchScreen.storyboard; sourceTree = "<group>"; };
		5D87C9C824ADBBEB00B4B620 /* Base */ = {isa = PBXFileReference; lastKnownFileType = file.storyboard; name = Base; path = Base.lproj/Main.storyboard; sourceTree = "<group>"; };
		5D87C9C924ADBBEB00B4B620 /* HomeTabBarController.swift */ = {isa = PBXFileReference; fileEncoding = 4; lastKnownFileType = sourcecode.swift; path = HomeTabBarController.swift; sourceTree = "<group>"; };
		5D87C9E624ADBBEB00B4B620 /* ErrorTracker.swift */ = {isa = PBXFileReference; fileEncoding = 4; lastKnownFileType = sourcecode.swift; path = ErrorTracker.swift; sourceTree = "<group>"; };
		5D87C9E824ADBBEB00B4B620 /* ActivityIndicator.swift */ = {isa = PBXFileReference; fileEncoding = 4; lastKnownFileType = sourcecode.swift; path = ActivityIndicator.swift; sourceTree = "<group>"; };
		5D87CAF224ADC0B400B4B620 /* GlanceAPI.swift */ = {isa = PBXFileReference; fileEncoding = 4; lastKnownFileType = sourcecode.swift; path = GlanceAPI.swift; sourceTree = "<group>"; };
		5D87CAF624ADC54A00B4B620 /* DemoViewController.swift */ = {isa = PBXFileReference; lastKnownFileType = sourcecode.swift; path = DemoViewController.swift; sourceTree = "<group>"; };
		5D87CAF724ADC54A00B4B620 /* DemoViewController.xib */ = {isa = PBXFileReference; lastKnownFileType = file.xib; path = DemoViewController.xib; sourceTree = "<group>"; };
		5D87CAFA24ADC55800B4B620 /* DemoViewModel.swift */ = {isa = PBXFileReference; lastKnownFileType = sourcecode.swift; path = DemoViewModel.swift; sourceTree = "<group>"; };
		5DE6388A24AD769D002F6F6B /* Glance.app */ = {isa = PBXFileReference; explicitFileType = wrapper.application; includeInIndex = 0; path = Glance.app; sourceTree = BUILT_PRODUCTS_DIR; };
		DEFB5B35CD55BB239C0A80AF /* Pods-Glance.release.xcconfig */ = {isa = PBXFileReference; includeInIndex = 1; lastKnownFileType = text.xcconfig; name = "Pods-Glance.release.xcconfig"; path = "Target Support Files/Pods-Glance/Pods-Glance.release.xcconfig"; sourceTree = "<group>"; };
/* End PBXFileReference section */

/* Begin PBXFrameworksBuildPhase section */
		5DE6388724AD769D002F6F6B /* Frameworks */ = {
			isa = PBXFrameworksBuildPhase;
			buildActionMask = 2147483647;
			files = (
				81AAD64A5D0DB083F1FAD2DB /* Pods_Glance.framework in Frameworks */,
			);
			runOnlyForDeploymentPostprocessing = 0;
		};
/* End PBXFrameworksBuildPhase section */

/* Begin PBXGroup section */
		5D87C8A824ADBBEA00B4B620 /* Glance */ = {
			isa = PBXGroup;
			children = (
				5D87C8A924ADBBEB00B4B620 /* Networking */,
				5D87C8E624ADBBEB00B4B620 /* Resources */,
				5D87C8F424ADBBEB00B4B620 /* Managers */,
				5D87C8FD24ADBBEB00B4B620 /* Models */,
				5D87C91224ADBBEB00B4B620 /* Extensions */,
				5D87C92324ADBBEB00B4B620 /* Common */,
				5D87C94224ADBBEB00B4B620 /* Configs */,
				5D87C94424ADBBEB00B4B620 /* Application */,
				5D87C94824ADBBEB00B4B620 /* Modules */,
				5D87C9E424ADBBEB00B4B620 /* Third Party */,
			);
			path = Glance;
			sourceTree = "<group>";
		};
		5D87C8A924ADBBEB00B4B620 /* Networking */ = {
			isa = PBXGroup;
			children = (
				5D87C8B324ADBBEB00B4B620 /* Api.swift */,
				5D87C8B424ADBBEB00B4B620 /* Rest */,
			);
			path = Networking;
			sourceTree = "<group>";
		};
		5D87C8B424ADBBEB00B4B620 /* Rest */ = {
			isa = PBXGroup;
			children = (
				5D87CAF224ADC0B400B4B620 /* GlanceAPI.swift */,
				5D87C8E224ADBBEB00B4B620 /* Networking.swift */,
				5D87C8E324ADBBEB00B4B620 /* RestApi.swift */,
				5D87C8E424ADBBEB00B4B620 /* ErrorResponse.swift */,
			);
			path = Rest;
			sourceTree = "<group>";
		};
		5D87C8E624ADBBEB00B4B620 /* Resources */ = {
			isa = PBXGroup;
			children = (
				5D87C8E724ADBBEB00B4B620 /* Localizable.strings */,
				5D87C8EB24ADBBEB00B4B620 /* Assets.xcassets */,
				5D87C8EC24ADBBEB00B4B620 /* Icons.xcassets */,
			);
			path = Resources;
			sourceTree = "<group>";
		};
		5D87C8F424ADBBEB00B4B620 /* Managers */ = {
			isa = PBXGroup;
			children = (
				5D87C8F624ADBBEB00B4B620 /* LibsManager.swift */,
				5D87C8F724ADBBEB00B4B620 /* ThemeManager.swift */,
				5D87C8F824ADBBEB00B4B620 /* Reachability.swift */,
				5D87C8F924ADBBEB00B4B620 /* AuthManager.swift */,
				5D87C8FA24ADBBEB00B4B620 /* LogManager.swift */,
				5D87C8FB24ADBBEB00B4B620 /* ContactsManager.swift */,
			);
			path = Managers;
			sourceTree = "<group>";
		};
		5D87C8FD24ADBBEB00B4B620 /* Models */ = {
			isa = PBXGroup;
			children = (
				5D87C8FF24ADBBEB00B4B620 /* Language.swift */,
				5D87C90424ADBBEB00B4B620 /* ISO8601DateTransform.swift */,
				5D87C90624ADBBEB00B4B620 /* State.swift */,
				5D87C90724ADBBEB00B4B620 /* User.swift */,
				5D87C90C24ADBBEB00B4B620 /* Notification.swift */,
				5D87C91024ADBBEB00B4B620 /* Token.swift */,
			);
			path = Models;
			sourceTree = "<group>";
		};
		5D87C91224ADBBEB00B4B620 /* Extensions */ = {
			isa = PBXGroup;
			children = (
				5D87C91324ADBBEB00B4B620 /* UIImage */,
				5D87C91524ADBBEB00B4B620 /* UIColor */,
				5D87C91724ADBBEB00B4B620 /* UIView */,
				5D87C91A24ADBBEB00B4B620 /* RxSwift */,
				5D87C91F24ADBBEB00B4B620 /* UIFont */,
				5D87C92124ADBBEB00B4B620 /* Foundation */,
			);
			path = Extensions;
			sourceTree = "<group>";
		};
		5D87C91324ADBBEB00B4B620 /* UIImage */ = {
			isa = PBXGroup;
			children = (
				5D87C91424ADBBEB00B4B620 /* UIImage+SwiftHub.swift */,
			);
			path = UIImage;
			sourceTree = "<group>";
		};
		5D87C91524ADBBEB00B4B620 /* UIColor */ = {
			isa = PBXGroup;
			children = (
				5D87C91624ADBBEB00B4B620 /* UIColor+SwiftHub.swift */,
			);
			path = UIColor;
			sourceTree = "<group>";
		};
		5D87C91724ADBBEB00B4B620 /* UIView */ = {
			isa = PBXGroup;
			children = (
				5D87C91824ADBBEB00B4B620 /* UIView+Borders.swift */,
				5D87C91924ADBBEB00B4B620 /* UIView+SwiftHub.swift */,
			);
			path = UIView;
			sourceTree = "<group>";
		};
		5D87C91A24ADBBEB00B4B620 /* RxSwift */ = {
			isa = PBXGroup;
			children = (
				5D87C91B24ADBBEB00B4B620 /* KafkaRefresh+Rx.swift */,
				5D87C91C24ADBBEB00B4B620 /* Kingfisher+Rx.swift */,
				5D87C91D24ADBBEB00B4B620 /* Observable+Logging.swift */,
				5D87C91E24ADBBEB00B4B620 /* Observable+Operators.swift */,
			);
			path = RxSwift;
			sourceTree = "<group>";
		};
		5D87C91F24ADBBEB00B4B620 /* UIFont */ = {
			isa = PBXGroup;
			children = (
				5D87C92024ADBBEB00B4B620 /* UIFont+SwiftHub.swift */,
			);
			path = UIFont;
			sourceTree = "<group>";
		};
		5D87C92124ADBBEB00B4B620 /* Foundation */ = {
			isa = PBXGroup;
			children = (
				5D87C92224ADBBEB00B4B620 /* Foundation+SwiftHub.swift */,
			);
			path = Foundation;
			sourceTree = "<group>";
		};
		5D87C92324ADBBEB00B4B620 /* Common */ = {
			isa = PBXGroup;
			children = (
				5D87C92424ADBBEB00B4B620 /* Toolbar.swift */,
				5D87C92624ADBBEB00B4B620 /* Label.swift */,
				5D87C92724ADBBEB00B4B620 /* ViewController.swift */,
				5D87C92824ADBBEB00B4B620 /* View.swift */,
				5D87C92924ADBBEB00B4B620 /* PickerView.swift */,
				5D87C92A24ADBBEB00B4B620 /* CollectionView.swift */,
				5D87C92B24ADBBEB00B4B620 /* StackView.swift */,
				5D87C92C24ADBBEB00B4B620 /* SplitViewController.swift */,
				5D87C92D24ADBBEB00B4B620 /* SegmentedControl.swift */,
				5D87C92E24ADBBEB00B4B620 /* SlideImageView.swift */,
				5D87C92F24ADBBEB00B4B620 /* CollectionViewCell.swift */,
				5D87C93024ADBBEB00B4B620 /* SearchBar.swift */,
				5D87C93124ADBBEB00B4B620 /* ScrollView.swift */,
				5D87C93224ADBBEB00B4B620 /* TableViewController.swift */,
				5D87C93324ADBBEB00B4B620 /* TableView.swift */,
				5D87C93424ADBBEB00B4B620 /* Switch.swift */,
				5D87C93524ADBBEB00B4B620 /* TextField.swift */,
				5D87C93624ADBBEB00B4B620 /* WebViewController.swift */,
				5D87C93724ADBBEB00B4B620 /* ViewModelType.swift */,
				5D87C93824ADBBEB00B4B620 /* Table View Cells */,
				5D87C93D24ADBBEB00B4B620 /* BarButtonItem.swift */,
				5D87C93E24ADBBEB00B4B620 /* ImageView.swift */,
				5D87C93F24ADBBEB00B4B620 /* Button.swift */,
				5D87C94024ADBBEB00B4B620 /* NavigationController.swift */,
				5D87C94124ADBBEB00B4B620 /* CollectionViewController.swift */,
			);
			path = Common;
			sourceTree = "<group>";
		};
		5D87C93824ADBBEB00B4B620 /* Table View Cells */ = {
			isa = PBXGroup;
			children = (
				5D87C93924ADBBEB00B4B620 /* TableViewCell.swift */,
				5D87C93A24ADBBEB00B4B620 /* DefaultTableViewCellViewModel.swift */,
				5D87C93B24ADBBEB00B4B620 /* TableViewCellViewModel.swift */,
				5D87C93C24ADBBEB00B4B620 /* DefaultTableViewCell.swift */,
			);
			path = "Table View Cells";
			sourceTree = "<group>";
		};
		5D87C94224ADBBEB00B4B620 /* Configs */ = {
			isa = PBXGroup;
			children = (
				5D87C94324ADBBEB00B4B620 /* Configs.swift */,
			);
			path = Configs;
			sourceTree = "<group>";
		};
		5D87C94424ADBBEB00B4B620 /* Application */ = {
			isa = PBXGroup;
			children = (
				5D87C94524ADBBEB00B4B620 /* AppDelegate.swift */,
				5D87C94624ADBBEB00B4B620 /* Application.swift */,
				5D87C94724ADBBEB00B4B620 /* Navigator.swift */,
			);
			path = Application;
			sourceTree = "<group>";
		};
		5D87C94824ADBBEB00B4B620 /* Modules */ = {
			isa = PBXGroup;
			children = (
				5D87CAF524ADC53700B4B620 /* Demo */,
				5D87C9C224ADBBEB00B4B620 /* Main */,
			);
			path = Modules;
			sourceTree = "<group>";
		};
		5D87C9C224ADBBEB00B4B620 /* Main */ = {
			isa = PBXGroup;
			children = (
				5D87C9C324ADBBEB00B4B620 /* HomeTabBarViewModel.swift */,
				5D87C9C424ADBBEB00B4B620 /* InitialSplitViewController.swift */,
				5D87C9C524ADBBEB00B4B620 /* LaunchScreen.storyboard */,
				5D87C9C724ADBBEB00B4B620 /* Main.storyboard */,
				5D87C9C924ADBBEB00B4B620 /* HomeTabBarController.swift */,
			);
			path = Main;
			sourceTree = "<group>";
		};
		5D87C9E424ADBBEB00B4B620 /* Third Party */ = {
			isa = PBXGroup;
			children = (
				5D87C9E524ADBBEB00B4B620 /* RxErrorTracker */,
				5D87C9E724ADBBEB00B4B620 /* RxActivityIndicator */,
			);
			path = "Third Party";
			sourceTree = "<group>";
		};
		5D87C9E524ADBBEB00B4B620 /* RxErrorTracker */ = {
			isa = PBXGroup;
			children = (
				5D87C9E624ADBBEB00B4B620 /* ErrorTracker.swift */,
			);
			path = RxErrorTracker;
			sourceTree = "<group>";
		};
		5D87C9E724ADBBEB00B4B620 /* RxActivityIndicator */ = {
			isa = PBXGroup;
			children = (
				5D87C9E824ADBBEB00B4B620 /* ActivityIndicator.swift */,
			);
			path = RxActivityIndicator;
			sourceTree = "<group>";
		};
		5D87CAF524ADC53700B4B620 /* Demo */ = {
			isa = PBXGroup;
			children = (
				5D87CAF624ADC54A00B4B620 /* DemoViewController.swift */,
				5D87CAF724ADC54A00B4B620 /* DemoViewController.xib */,
				5D87CAFA24ADC55800B4B620 /* DemoViewModel.swift */,
			);
			path = Demo;
			sourceTree = "<group>";
		};
		5DE6388124AD769D002F6F6B = {
			isa = PBXGroup;
			children = (
				5D87C8A824ADBBEA00B4B620 /* Glance */,
				5DE6388B24AD769D002F6F6B /* Products */,
				C0722F36693E71B7F21A33CA /* Pods */,
				E8F61AC65C9BC9366987BE91 /* Frameworks */,
			);
			sourceTree = "<group>";
		};
		5DE6388B24AD769D002F6F6B /* Products */ = {
			isa = PBXGroup;
			children = (
				5DE6388A24AD769D002F6F6B /* Glance.app */,
			);
			name = Products;
			sourceTree = "<group>";
		};
		C0722F36693E71B7F21A33CA /* Pods */ = {
			isa = PBXGroup;
			children = (
				18A3C50415CA36BEF18A833C /* Pods-Glance.debug.xcconfig */,
				DEFB5B35CD55BB239C0A80AF /* Pods-Glance.release.xcconfig */,
			);
			path = Pods;
			sourceTree = "<group>";
		};
		E8F61AC65C9BC9366987BE91 /* Frameworks */ = {
			isa = PBXGroup;
			children = (
				4AC9489FCC8CD869B5103156 /* Pods_Glance.framework */,
			);
			name = Frameworks;
			sourceTree = "<group>";
		};
/* End PBXGroup section */

/* Begin PBXNativeTarget section */
		5DE6388924AD769D002F6F6B /* Glance */ = {
			isa = PBXNativeTarget;
			buildConfigurationList = 5DE6389E24AD769F002F6F6B /* Build configuration list for PBXNativeTarget "Glance" */;
			buildPhases = (
				F27B27AC92E46EA4FE3BA0A0 /* [CP] Check Pods Manifest.lock */,
				5DE6388624AD769D002F6F6B /* Sources */,
				5DE6388724AD769D002F6F6B /* Frameworks */,
				5DE6388824AD769D002F6F6B /* Resources */,
				FF96545822B4407F59C065D6 /* [CP] Embed Pods Frameworks */,
			);
			buildRules = (
			);
			dependencies = (
			);
			name = Glance;
			productName = Glance;
			productReference = 5DE6388A24AD769D002F6F6B /* Glance.app */;
			productType = "com.apple.product-type.application";
		};
/* End PBXNativeTarget section */

/* Begin PBXProject section */
		5DE6388224AD769D002F6F6B /* Project object */ = {
			isa = PBXProject;
			attributes = {
				LastSwiftUpdateCheck = 1140;
				LastUpgradeCheck = 1140;
				ORGANIZATIONNAME = yanghai;
				TargetAttributes = {
					5DE6388924AD769D002F6F6B = {
						CreatedOnToolsVersion = 11.4;
					};
				};
			};
			buildConfigurationList = 5DE6388524AD769D002F6F6B /* Build configuration list for PBXProject "Glance" */;
			compatibilityVersion = "Xcode 9.3";
			developmentRegion = en;
			hasScannedForEncodings = 0;
			knownRegions = (
				en,
				Base,
				"zh-Hans",
			);
			mainGroup = 5DE6388124AD769D002F6F6B;
			productRefGroup = 5DE6388B24AD769D002F6F6B /* Products */;
			projectDirPath = "";
			projectRoot = "";
			targets = (
				5DE6388924AD769D002F6F6B /* Glance */,
			);
		};
/* End PBXProject section */

/* Begin PBXResourcesBuildPhase section */
		5DE6388824AD769D002F6F6B /* Resources */ = {
			isa = PBXResourcesBuildPhase;
			buildActionMask = 2147483647;
			files = (
				5D87CA2224ADBBEB00B4B620 /* Localizable.strings in Resources */,
				5D87CAF924ADC54A00B4B620 /* DemoViewController.xib in Resources */,
				5D87CAD624ADBBEB00B4B620 /* LaunchScreen.storyboard in Resources */,
				5D87CAD724ADBBEB00B4B620 /* Main.storyboard in Resources */,
				5D87CA2424ADBBEB00B4B620 /* Icons.xcassets in Resources */,
				5D87CA2324ADBBEB00B4B620 /* Assets.xcassets in Resources */,
			);
			runOnlyForDeploymentPostprocessing = 0;
		};
/* End PBXResourcesBuildPhase section */

/* Begin PBXShellScriptBuildPhase section */
		F27B27AC92E46EA4FE3BA0A0 /* [CP] Check Pods Manifest.lock */ = {
			isa = PBXShellScriptBuildPhase;
			buildActionMask = 2147483647;
			files = (
			);
			inputFileListPaths = (
			);
			inputPaths = (
				"${PODS_PODFILE_DIR_PATH}/Podfile.lock",
				"${PODS_ROOT}/Manifest.lock",
			);
			name = "[CP] Check Pods Manifest.lock";
			outputFileListPaths = (
			);
			outputPaths = (
				"$(DERIVED_FILE_DIR)/Pods-Glance-checkManifestLockResult.txt",
			);
			runOnlyForDeploymentPostprocessing = 0;
			shellPath = /bin/sh;
			shellScript = "diff \"${PODS_PODFILE_DIR_PATH}/Podfile.lock\" \"${PODS_ROOT}/Manifest.lock\" > /dev/null\nif [ $? != 0 ] ; then\n    # print error to STDERR\n    echo \"error: The sandbox is not in sync with the Podfile.lock. Run 'pod install' or update your CocoaPods installation.\" >&2\n    exit 1\nfi\n# This output is used by Xcode 'outputs' to avoid re-running this script phase.\necho \"SUCCESS\" > \"${SCRIPT_OUTPUT_FILE_0}\"\n";
			showEnvVarsInLog = 0;
		};
		FF96545822B4407F59C065D6 /* [CP] Embed Pods Frameworks */ = {
			isa = PBXShellScriptBuildPhase;
			buildActionMask = 2147483647;
			files = (
			);
			inputFileListPaths = (
				"${PODS_ROOT}/Target Support Files/Pods-Glance/Pods-Glance-frameworks-${CONFIGURATION}-input-files.xcfilelist",
			);
			name = "[CP] Embed Pods Frameworks";
			outputFileListPaths = (
				"${PODS_ROOT}/Target Support Files/Pods-Glance/Pods-Glance-frameworks-${CONFIGURATION}-output-files.xcfilelist",
			);
			runOnlyForDeploymentPostprocessing = 0;
			shellPath = /bin/sh;
			shellScript = "\"${PODS_ROOT}/Target Support Files/Pods-Glance/Pods-Glance-frameworks.sh\"\n";
			showEnvVarsInLog = 0;
		};
/* End PBXShellScriptBuildPhase section */

/* Begin PBXSourcesBuildPhase section */
		5DE6388624AD769D002F6F6B /* Sources */ = {
			isa = PBXSourcesBuildPhase;
			buildActionMask = 2147483647;
			files = (
				5D87CA6D24ADBBEB00B4B620 /* Application.swift in Sources */,
				5D87CA4824ADBBEB00B4B620 /* KafkaRefresh+Rx.swift in Sources */,
				5D87CA6424ADBBEB00B4B620 /* TableViewCellViewModel.swift in Sources */,
				5D87CA4D24ADBBEB00B4B620 /* Foundation+SwiftHub.swift in Sources */,
				5D87CAD424ADBBEB00B4B620 /* HomeTabBarViewModel.swift in Sources */,
				5D87CA5824ADBBEB00B4B620 /* SlideImageView.swift in Sources */,
				5D87CA3124ADBBEB00B4B620 /* Language.swift in Sources */,
				5D87CA2B24ADBBEB00B4B620 /* Reachability.swift in Sources */,
				5D87CAF024ADBBEB00B4B620 /* ActivityIndicator.swift in Sources */,
				5D87CA4424ADBBEB00B4B620 /* UIImage+SwiftHub.swift in Sources */,
				5D87CAEF24ADBBEB00B4B620 /* ErrorTracker.swift in Sources */,
				5D87CA4A24ADBBEB00B4B620 /* Observable+Logging.swift in Sources */,
				5D87CA3824ADBBEB00B4B620 /* State.swift in Sources */,
				5D87CAFB24ADC55800B4B620 /* DemoViewModel.swift in Sources */,
				5D87CA3624ADBBEB00B4B620 /* ISO8601DateTransform.swift in Sources */,
				5D87CA6324ADBBEB00B4B620 /* DefaultTableViewCellViewModel.swift in Sources */,
				5D87CA4624ADBBEB00B4B620 /* UIView+Borders.swift in Sources */,
				5D87CA5024ADBBEB00B4B620 /* Label.swift in Sources */,
				5D87CA3E24ADBBEB00B4B620 /* Notification.swift in Sources */,
				5D87CA2924ADBBEB00B4B620 /* LibsManager.swift in Sources */,
				5D87CAF824ADC54A00B4B620 /* DemoViewController.swift in Sources */,
				5D87CA5A24ADBBEB00B4B620 /* SearchBar.swift in Sources */,
				5D87CA5624ADBBEB00B4B620 /* SplitViewController.swift in Sources */,
				5D87CAD524ADBBEB00B4B620 /* InitialSplitViewController.swift in Sources */,
				5D87CA1F24ADBBEB00B4B620 /* RestApi.swift in Sources */,
				5D87CA5324ADBBEB00B4B620 /* PickerView.swift in Sources */,
				5D87CA5B24ADBBEB00B4B620 /* ScrollView.swift in Sources */,
				5D87CA6724ADBBEB00B4B620 /* ImageView.swift in Sources */,
				5D87CA5224ADBBEB00B4B620 /* View.swift in Sources */,
				5D87CA4724ADBBEB00B4B620 /* UIView+SwiftHub.swift in Sources */,
				5D87CA2C24ADBBEB00B4B620 /* AuthManager.swift in Sources */,
				5D87CA6A24ADBBEB00B4B620 /* CollectionViewController.swift in Sources */,
				5D87CA6624ADBBEB00B4B620 /* BarButtonItem.swift in Sources */,
				5D87CAD824ADBBEB00B4B620 /* HomeTabBarController.swift in Sources */,
				5D87CA5E24ADBBEB00B4B620 /* Switch.swift in Sources */,
				5D87CAF324ADC0B400B4B620 /* GlanceAPI.swift in Sources */,
				5D87CA6824ADBBEB00B4B620 /* Button.swift in Sources */,
				5D87CA5424ADBBEB00B4B620 /* CollectionView.swift in Sources */,
				5D87CA4224ADBBEB00B4B620 /* Token.swift in Sources */,
				5D87CA4C24ADBBEB00B4B620 /* UIFont+SwiftHub.swift in Sources */,
				5D87CA2E24ADBBEB00B4B620 /* ContactsManager.swift in Sources */,
				5D87CA2D24ADBBEB00B4B620 /* LogManager.swift in Sources */,
				5D87CA5124ADBBEB00B4B620 /* ViewController.swift in Sources */,
				5D87CA6124ADBBEB00B4B620 /* ViewModelType.swift in Sources */,
				5D87CA6224ADBBEB00B4B620 /* TableViewCell.swift in Sources */,
				5D87CA5C24ADBBEB00B4B620 /* TableViewController.swift in Sources */,
				5D87CA6B24ADBBEB00B4B620 /* Configs.swift in Sources */,
				5D87CA5F24ADBBEB00B4B620 /* TextField.swift in Sources */,
				5D87CA6E24ADBBEB00B4B620 /* Navigator.swift in Sources */,
				5D87CA5724ADBBEB00B4B620 /* SegmentedControl.swift in Sources */,
				5D87CA5D24ADBBEB00B4B620 /* TableView.swift in Sources */,
				5D87CA2A24ADBBEB00B4B620 /* ThemeManager.swift in Sources */,
				5D87CA4524ADBBEB00B4B620 /* UIColor+SwiftHub.swift in Sources */,
				5D87CA4924ADBBEB00B4B620 /* Kingfisher+Rx.swift in Sources */,
				5D87CA5524ADBBEB00B4B620 /* StackView.swift in Sources */,
				5D87C9F124ADBBEB00B4B620 /* Api.swift in Sources */,
				5D87CA4B24ADBBEB00B4B620 /* Observable+Operators.swift in Sources */,
				5D87CA3924ADBBEB00B4B620 /* User.swift in Sources */,
				5D87CA5924ADBBEB00B4B620 /* CollectionViewCell.swift in Sources */,
				5D87CA6524ADBBEB00B4B620 /* DefaultTableViewCell.swift in Sources */,
				5D87CA4E24ADBBEB00B4B620 /* Toolbar.swift in Sources */,
				5D87CA6C24ADBBEB00B4B620 /* AppDelegate.swift in Sources */,
				5D87CA6924ADBBEB00B4B620 /* NavigationController.swift in Sources */,
				5D87CA2024ADBBEB00B4B620 /* ErrorResponse.swift in Sources */,
				5D87CA6024ADBBEB00B4B620 /* WebViewController.swift in Sources */,
				5D87CA1E24ADBBEB00B4B620 /* Networking.swift in Sources */,
			);
			runOnlyForDeploymentPostprocessing = 0;
		};
/* End PBXSourcesBuildPhase section */

/* Begin PBXVariantGroup section */
		5D87C8E724ADBBEB00B4B620 /* Localizable.strings */ = {
			isa = PBXVariantGroup;
			children = (
				5D87C8E824ADBBEB00B4B620 /* zh-Hans */,
				5D87C8E924ADBBEB00B4B620 /* en */,
			);
			name = Localizable.strings;
			sourceTree = "<group>";
		};
		5D87C9C524ADBBEB00B4B620 /* LaunchScreen.storyboard */ = {
			isa = PBXVariantGroup;
			children = (
				5D87C9C624ADBBEB00B4B620 /* Base */,
			);
			name = LaunchScreen.storyboard;
			sourceTree = "<group>";
		};
		5D87C9C724ADBBEB00B4B620 /* Main.storyboard */ = {
			isa = PBXVariantGroup;
			children = (
				5D87C9C824ADBBEB00B4B620 /* Base */,
			);
			name = Main.storyboard;
			sourceTree = "<group>";
		};
/* End PBXVariantGroup section */

/* Begin XCBuildConfiguration section */
		5DE6389C24AD769F002F6F6B /* Debug */ = {
			isa = XCBuildConfiguration;
			buildSettings = {
				ALWAYS_SEARCH_USER_PATHS = NO;
				CLANG_ANALYZER_NONNULL = YES;
				CLANG_ANALYZER_NUMBER_OBJECT_CONVERSION = YES_AGGRESSIVE;
				CLANG_CXX_LANGUAGE_STANDARD = "gnu++14";
				CLANG_CXX_LIBRARY = "libc++";
				CLANG_ENABLE_MODULES = YES;
				CLANG_ENABLE_OBJC_ARC = YES;
				CLANG_ENABLE_OBJC_WEAK = YES;
				CLANG_WARN_BLOCK_CAPTURE_AUTORELEASING = YES;
				CLANG_WARN_BOOL_CONVERSION = YES;
				CLANG_WARN_COMMA = YES;
				CLANG_WARN_CONSTANT_CONVERSION = YES;
				CLANG_WARN_DEPRECATED_OBJC_IMPLEMENTATIONS = YES;
				CLANG_WARN_DIRECT_OBJC_ISA_USAGE = YES_ERROR;
				CLANG_WARN_DOCUMENTATION_COMMENTS = YES;
				CLANG_WARN_EMPTY_BODY = YES;
				CLANG_WARN_ENUM_CONVERSION = YES;
				CLANG_WARN_INFINITE_RECURSION = YES;
				CLANG_WARN_INT_CONVERSION = YES;
				CLANG_WARN_NON_LITERAL_NULL_CONVERSION = YES;
				CLANG_WARN_OBJC_IMPLICIT_RETAIN_SELF = YES;
				CLANG_WARN_OBJC_LITERAL_CONVERSION = YES;
				CLANG_WARN_OBJC_ROOT_CLASS = YES_ERROR;
				CLANG_WARN_RANGE_LOOP_ANALYSIS = YES;
				CLANG_WARN_STRICT_PROTOTYPES = YES;
				CLANG_WARN_SUSPICIOUS_MOVE = YES;
				CLANG_WARN_UNGUARDED_AVAILABILITY = YES_AGGRESSIVE;
				CLANG_WARN_UNREACHABLE_CODE = YES;
				CLANG_WARN__DUPLICATE_METHOD_MATCH = YES;
				COPY_PHASE_STRIP = NO;
				DEBUG_INFORMATION_FORMAT = dwarf;
				ENABLE_STRICT_OBJC_MSGSEND = YES;
				ENABLE_TESTABILITY = YES;
				GCC_C_LANGUAGE_STANDARD = gnu11;
				GCC_DYNAMIC_NO_PIC = NO;
				GCC_NO_COMMON_BLOCKS = YES;
				GCC_OPTIMIZATION_LEVEL = 0;
				GCC_PREPROCESSOR_DEFINITIONS = (
					"DEBUG=1",
					"$(inherited)",
				);
				GCC_WARN_64_TO_32_BIT_CONVERSION = YES;
				GCC_WARN_ABOUT_RETURN_TYPE = YES_ERROR;
				GCC_WARN_UNDECLARED_SELECTOR = YES;
				GCC_WARN_UNINITIALIZED_AUTOS = YES_AGGRESSIVE;
				GCC_WARN_UNUSED_FUNCTION = YES;
				GCC_WARN_UNUSED_VARIABLE = YES;
				IPHONEOS_DEPLOYMENT_TARGET = 10.0;
				MTL_ENABLE_DEBUG_INFO = INCLUDE_SOURCE;
				MTL_FAST_MATH = YES;
				ONLY_ACTIVE_ARCH = YES;
				SDKROOT = iphoneos;
				SWIFT_ACTIVE_COMPILATION_CONDITIONS = DEBUG;
				SWIFT_OPTIMIZATION_LEVEL = "-Onone";
			};
			name = Debug;
		};
		5DE6389D24AD769F002F6F6B /* Release */ = {
			isa = XCBuildConfiguration;
			buildSettings = {
				ALWAYS_SEARCH_USER_PATHS = NO;
				CLANG_ANALYZER_NONNULL = YES;
				CLANG_ANALYZER_NUMBER_OBJECT_CONVERSION = YES_AGGRESSIVE;
				CLANG_CXX_LANGUAGE_STANDARD = "gnu++14";
				CLANG_CXX_LIBRARY = "libc++";
				CLANG_ENABLE_MODULES = YES;
				CLANG_ENABLE_OBJC_ARC = YES;
				CLANG_ENABLE_OBJC_WEAK = YES;
				CLANG_WARN_BLOCK_CAPTURE_AUTORELEASING = YES;
				CLANG_WARN_BOOL_CONVERSION = YES;
				CLANG_WARN_COMMA = YES;
				CLANG_WARN_CONSTANT_CONVERSION = YES;
				CLANG_WARN_DEPRECATED_OBJC_IMPLEMENTATIONS = YES;
				CLANG_WARN_DIRECT_OBJC_ISA_USAGE = YES_ERROR;
				CLANG_WARN_DOCUMENTATION_COMMENTS = YES;
				CLANG_WARN_EMPTY_BODY = YES;
				CLANG_WARN_ENUM_CONVERSION = YES;
				CLANG_WARN_INFINITE_RECURSION = YES;
				CLANG_WARN_INT_CONVERSION = YES;
				CLANG_WARN_NON_LITERAL_NULL_CONVERSION = YES;
				CLANG_WARN_OBJC_IMPLICIT_RETAIN_SELF = YES;
				CLANG_WARN_OBJC_LITERAL_CONVERSION = YES;
				CLANG_WARN_OBJC_ROOT_CLASS = YES_ERROR;
				CLANG_WARN_RANGE_LOOP_ANALYSIS = YES;
				CLANG_WARN_STRICT_PROTOTYPES = YES;
				CLANG_WARN_SUSPICIOUS_MOVE = YES;
				CLANG_WARN_UNGUARDED_AVAILABILITY = YES_AGGRESSIVE;
				CLANG_WARN_UNREACHABLE_CODE = YES;
				CLANG_WARN__DUPLICATE_METHOD_MATCH = YES;
				COPY_PHASE_STRIP = NO;
				DEBUG_INFORMATION_FORMAT = "dwarf-with-dsym";
				ENABLE_NS_ASSERTIONS = NO;
				ENABLE_STRICT_OBJC_MSGSEND = YES;
				GCC_C_LANGUAGE_STANDARD = gnu11;
				GCC_NO_COMMON_BLOCKS = YES;
				GCC_WARN_64_TO_32_BIT_CONVERSION = YES;
				GCC_WARN_ABOUT_RETURN_TYPE = YES_ERROR;
				GCC_WARN_UNDECLARED_SELECTOR = YES;
				GCC_WARN_UNINITIALIZED_AUTOS = YES_AGGRESSIVE;
				GCC_WARN_UNUSED_FUNCTION = YES;
				GCC_WARN_UNUSED_VARIABLE = YES;
				IPHONEOS_DEPLOYMENT_TARGET = 10.0;
				MTL_ENABLE_DEBUG_INFO = NO;
				MTL_FAST_MATH = YES;
				SDKROOT = iphoneos;
				SWIFT_COMPILATION_MODE = wholemodule;
				SWIFT_OPTIMIZATION_LEVEL = "-O";
				VALIDATE_PRODUCT = YES;
			};
			name = Release;
		};
		5DE6389F24AD769F002F6F6B /* Debug */ = {
			isa = XCBuildConfiguration;
			baseConfigurationReference = 18A3C50415CA36BEF18A833C /* Pods-Glance.debug.xcconfig */;
			buildSettings = {
				ASSETCATALOG_COMPILER_APPICON_NAME = AppIcon;
				CODE_SIGN_STYLE = Automatic;
				INFOPLIST_FILE = Glance/Info.plist;
				LD_RUNPATH_SEARCH_PATHS = (
					"$(inherited)",
					"@executable_path/Frameworks",
				);
				PRODUCT_BUNDLE_IDENTIFIER = com.fwan.glance;
				PRODUCT_NAME = "$(TARGET_NAME)";
				SWIFT_VERSION = 5.0;
				TARGETED_DEVICE_FAMILY = "1,2";
			};
			name = Debug;
		};
		5DE638A024AD769F002F6F6B /* Release */ = {
			isa = XCBuildConfiguration;
			baseConfigurationReference = DEFB5B35CD55BB239C0A80AF /* Pods-Glance.release.xcconfig */;
			buildSettings = {
				ASSETCATALOG_COMPILER_APPICON_NAME = AppIcon;
				CODE_SIGN_STYLE = Automatic;
				INFOPLIST_FILE = Glance/Info.plist;
				LD_RUNPATH_SEARCH_PATHS = (
					"$(inherited)",
					"@executable_path/Frameworks",
				);
				PRODUCT_BUNDLE_IDENTIFIER = com.fwan.glance;
				PRODUCT_NAME = "$(TARGET_NAME)";
				SWIFT_VERSION = 5.0;
				TARGETED_DEVICE_FAMILY = "1,2";
			};
			name = Release;
		};
/* End XCBuildConfiguration section */

/* Begin XCConfigurationList section */
		5DE6388524AD769D002F6F6B /* Build configuration list for PBXProject "Glance" */ = {
			isa = XCConfigurationList;
			buildConfigurations = (
				5DE6389C24AD769F002F6F6B /* Debug */,
				5DE6389D24AD769F002F6F6B /* Release */,
			);
			defaultConfigurationIsVisible = 0;
			defaultConfigurationName = Release;
		};
		5DE6389E24AD769F002F6F6B /* Build configuration list for PBXNativeTarget "Glance" */ = {
			isa = XCConfigurationList;
			buildConfigurations = (
				5DE6389F24AD769F002F6F6B /* Debug */,
				5DE638A024AD769F002F6F6B /* Release */,
			);
			defaultConfigurationIsVisible = 0;
			defaultConfigurationName = Release;
		};
/* End XCConfigurationList section */
	};
	rootObject = 5DE6388224AD769D002F6F6B /* Project object */;
}
